<?xml version="1.0" encoding="utf-8"?>
<Project ToolsVersion="4.0" xmlns="http://schemas.microsoft.com/developer/msbuild/2003">
  <ItemGroup>
    <Filter Include="Header Files">
      <UniqueIdentifier>{93995380-89BD-4b04-88EB-625FBE52EBFB}</UniqueIdentifier>
      <Extensions>h;hh;hpp;hxx;h++;hm;inl;inc;ipp;xsd</Extensions>
    </Filter>
    <Filter Include="Resource Files">
      <UniqueIdentifier>{67DA6AB6-F800-4c08-8B7A-83BB121AAD01}</UniqueIdentifier>
      <Extensions>rc;ico;cur;bmp;dlg;rc2;rct;bin;rgs;gif;jpg;jpeg;jpe;resx;tiff;tif;png;wav;mfcribbon-ms</Extensions>
    </Filter>
    <Filter Include="Source Files">
      <UniqueIdentifier>{4FC737F1-C7A5-4376-A066-2A32D752A2FF}</UniqueIdentifier>
      <Extensions>cpp;c;cc;cxx;c++;cppm;ixx;def;odl;idl;hpj;bat;asm;asmx</Extensions>
    </Filter>
    <Filter Include="proto">
      <UniqueIdentifier>{a4990ebe-241b-4781-9a2f-2c31094711fa}</UniqueIdentifier>
    </Filter>
  </ItemGroup>
  <ItemGroup>
    <ClCompile Include="ServerMain.cpp">
      <Filter>Source Files</Filter>
    </ClCompile>
    <ClCompile Include="Server.cpp">
      <Filter>Source Files</Filter>
    </ClCompile>
    <ClCompile Include="ChannelManager.cpp">
      <Filter>Source Files</Filter>
    </ClCompile>
    <ClCompile Include="ServerRecvManager.cpp">
      <Filter>Source Files</Filter>
    </ClCompile>
    <ClCompile Include="ServerSendManager.cpp">
      <Filter>Source Files</Filter>
    </ClCompile>
    <ClCompile Include="AuthServerInfo.cpp">
      <Filter>Source Files</Filter>
    </ClCompile>
    <ClCompile Include="AuthClient.cpp">
      <Filter>Source Files</Filter>
    </ClCompile>
    <ClCompile Include="AuthClientSendManager.cpp">
      <Filter>Source Files</Filter>
    </ClCompile>
    <ClCompile Include="AuthClientRecvManager.cpp">
      <Filter>Source Files</Filter>
    </ClCompile>
    <ClCompile Include="..\include\proto\RequestAuthenticateAccount.pb.cc">
      <Filter>proto</Filter>
    </ClCompile>
    <ClCompile Include="..\include\proto\RequestCreateAccount.pb.cc">
      <Filter>proto</Filter>
    </ClCompile>
    <ClCompile Include="..\include\proto\ResponseAuthenticateAccount.pb.cc">
      <Filter>proto</Filter>
    </ClCompile>
    <ClCompile Include="..\include\proto\ResponseCreateAccount.pb.cc">
      <Filter>proto</Filter>
    </ClCompile>
    <ClCompile Include="..\include\proto\ResponseError.pb.cc">
      <Filter>proto</Filter>
    </ClCompile>
    <ClCompile Include="..\include\proto\RequestNameChangeBuf.pb.cc">
      <Filter>proto</Filter>
    </ClCompile>
    <ClCompile Include="..\include\proto\ResponseNameChangeBuf.pb.cc">
      <Filter>proto</Filter>
    </ClCompile>
  </ItemGroup>
  <ItemGroup>
    <ClInclude Include="Server.h">
      <Filter>Header Files</Filter>
    </ClInclude>
    <ClInclude Include="Define.h">
      <Filter>Header Files</Filter>
    </ClInclude>
    <ClInclude Include="ChannelManager.h">
      <Filter>Header Files</Filter>
    </ClInclude>
    <ClInclude Include="ClientInfo.h">
      <Filter>Header Files</Filter>
    </ClInclude>
    <ClInclude Include="ServerRecvManager.h">
      <Filter>Header Files</Filter>
    </ClInclude>
    <ClInclude Include="ServerSendManager.h">
      <Filter>Header Files</Filter>
    </ClInclude>
    <ClInclude Include="AuthServerInfo.h">
      <Filter>Header Files</Filter>
    </ClInclude>
    <ClInclude Include="AuthClient.h">
      <Filter>Header Files</Filter>
    </ClInclude>
    <ClInclude Include="AuthClientSendManager.h">
      <Filter>Header Files</Filter>
    </ClInclude>
    <ClInclude Include="AuthClientRecvManager.h">
      <Filter>Header Files</Filter>
    </ClInclude>
    <ClInclude Include="..\include\proto\RequestAuthenticateAccount.pb.h">
      <Filter>proto</Filter>
    </ClInclude>
    <ClInclude Include="..\include\proto\RequestCreateAccount.pb.h">
      <Filter>proto</Filter>
    </ClInclude>
    <ClInclude Include="..\include\proto\ResponseAuthenticateAccount.pb.h">
      <Filter>proto</Filter>
    </ClInclude>
    <ClInclude Include="..\include\proto\ResponseCreateAccount.pb.h">
      <Filter>proto</Filter>
    </ClInclude>
    <ClInclude Include="..\include\proto\ResponseError.pb.h">
      <Filter>proto</Filter>
    </ClInclude>
    <ClInclude Include="DefineProtoBuffers.h">
      <Filter>Header Files</Filter>
    </ClInclude>
    <ClInclude Include="..\include\proto\RequestNameChangeBuf.pb.h">
      <Filter>proto</Filter>
    </ClInclude>
    <ClInclude Include="..\include\proto\ResponseNameChangeBuf.pb.h">
      <Filter>proto</Filter>
    </ClInclude>
  </ItemGroup>
</Project>